
Microsoft Visual Studio Solution File, Format Version 12.00
# Visual Studio 14
VisualStudioVersion = 14.0.25420.1
MinimumVisualStudioVersion = 10.0.40219.1
Project("{FAE04EC0-301F-11D3-BF4B-00C04F79EFBC}") = "FelipeHoyos", "FelipeHoyos\FelipeHoyos.csproj", "{C8DC3D35-71F7-4535-949E-DD7011652AE6}"
EndProject
Project("{FAE04EC0-301F-11D3-BF4B-00C04F79EFBC}") = "Pesebrera", "Pesebrera\Pesebrera.csproj", "{198F29BA-06E8-4E1F-B094-21A8A0E03F6D}"
EndProject
Global
	GlobalSection(SolutionConfigurationPlatforms) = preSolution
		Debug|Any CPU = Debug|Any CPU
		Release|Any CPU = Release|Any CPU
	EndGlobalSection
	GlobalSection(ProjectConfigurationPlatforms) = postSolution
		{C8DC3D35-71F7-4535-949E-DD7011652AE6}.Debug|Any CPU.ActiveCfg = Debug|Any CPU
		{C8DC3D35-71F7-4535-949E-DD7011652AE6}.Debug|Any CPU.Build.0 = Debug|Any CPU
		{C8DC3D35-71F7-4535-949E-DD7011652AE6}.Release|Any CPU.ActiveCfg = Release|Any CPU
		{C8DC3D35-71F7-4535-949E-DD7011652AE6}.Release|Any CPU.Build.0 = Release|Any CPU
		{198F29BA-06E8-4E1F-B094-21A8A0E03F6D}.Debug|Any CPU.ActiveCfg = Debug|Any CPU
		{198F29BA-06E8-4E1F-B094-21A8A0E03F6D}.Debug|Any CPU.Build.0 = Debug|Any CPU
		{198F29BA-06E8-4E1F-B094-21A8A0E03F6D}.Release|Any CPU.ActiveCfg = Release|Any CPU
		{198F29BA-06E8-4E1F-B094-21A8A0E03F6D}.Release|Any CPU.Build.0 = Release|Any CPU
	EndGlobalSection
	GlobalSection(SolutionProperties) = preSolution
		HideSolutionNode = FALSE
	EndGlobalSection
EndGlobal
